
Microsoft Visual Studio Solution File, Format Version 10.00
# Visual Studio 2008
Project("{8BC9CEB8-8B4A-11D0-8D11-00A0C91BC942}") = "myData", "mydata.vcproj", "{2330C593-5F49-46DC-8C18-2574F87F5F93}"
EndProject
Global
	GlobalSection(SolutionConfigurationPlatforms) = preSolution
		Debug|Win32 = Debug|Win32
		Release|Win32 = Release|Win32
	EndGlobalSection
	GlobalSection(ProjectConfigurationPlatforms) = postSolution
		{2330C593-5F49-46DC-8C18-2574F87F5F93}.Debug|Win32.ActiveCfg = Debug|Win32
		{2330C593-5F49-46DC-8C18-2574F87F5F93}.Debug|Win32.Build.0 = Debug|Win32
		{2330C593-5F49-46DC-8C18-2574F87F5F93}.Release|Win32.ActiveCfg = Release|Win32
		{2330C593-5F49-46DC-8C18-2574F87F5F93}.Release|Win32.Build.0 = Release|Win32
	EndGlobalSection
	GlobalSection(SolutionProperties) = preSolution
		HideSolutionNode = FALSE
	EndGlobalSection
EndGlobal
