
Microsoft Visual Studio Solution File, Format Version 10.00
# Visual Studio 2008
Project("{8BC9CEB8-8B4A-11D0-8D11-00A0C91BC942}") = "paletteviewer", "paletteviewer.vcproj", "{6B49C686-73B6-4379-82C1-0B3C08927097}"
EndProject
Global
	GlobalSection(SolutionConfigurationPlatforms) = preSolution
		Debug|Win32 = Debug|Win32
		Release|Win32 = Release|Win32
	EndGlobalSection
	GlobalSection(ProjectConfigurationPlatforms) = postSolution
		{6B49C686-73B6-4379-82C1-0B3C08927097}.Debug|Win32.ActiveCfg = Debug|Win32
		{6B49C686-73B6-4379-82C1-0B3C08927097}.Debug|Win32.Build.0 = Debug|Win32
		{6B49C686-73B6-4379-82C1-0B3C08927097}.Release|Win32.ActiveCfg = Release|Win32
		{6B49C686-73B6-4379-82C1-0B3C08927097}.Release|Win32.Build.0 = Release|Win32
	EndGlobalSection
	GlobalSection(SolutionProperties) = preSolution
		HideSolutionNode = FALSE
	EndGlobalSection
EndGlobal
