
Microsoft Visual Studio Solution File, Format Version 10.00
# Visual Studio 2008
Project("{8BC9CEB8-8B4A-11D0-8D11-00A0C91BC942}") = "InputDeviceTest", "inputdevicetest.vcproj", "{EC2EEA47-02FD-4FAE-9C04-648EF21C7DFB}"
EndProject
Global
	GlobalSection(SolutionConfigurationPlatforms) = preSolution
		Debug|Win32 = Debug|Win32
		Release|Win32 = Release|Win32
	EndGlobalSection
	GlobalSection(ProjectConfigurationPlatforms) = postSolution
		{EC2EEA47-02FD-4FAE-9C04-648EF21C7DFB}.Debug|Win32.ActiveCfg = Debug|Win32
		{EC2EEA47-02FD-4FAE-9C04-648EF21C7DFB}.Debug|Win32.Build.0 = Debug|Win32
		{EC2EEA47-02FD-4FAE-9C04-648EF21C7DFB}.Release|Win32.ActiveCfg = Release|Win32
		{EC2EEA47-02FD-4FAE-9C04-648EF21C7DFB}.Release|Win32.Build.0 = Release|Win32
	EndGlobalSection
	GlobalSection(SolutionProperties) = preSolution
		HideSolutionNode = FALSE
	EndGlobalSection
EndGlobal
