
Microsoft Visual Studio Solution File, Format Version 10.00
# Visual Studio 2008
Project("{8BC9CEB8-8B4A-11D0-8D11-00A0C91BC942}") = "color1", "color1.vcproj", "{58EC6855-A06B-4293-9AF4-910EA201562C}"
EndProject
Project("{8BC9CEB8-8B4A-11D0-8D11-00A0C91BC942}") = "color2", "color2.vcproj", "{22576E1B-76FD-4D29-B181-3CB549518B5A}"
EndProject
Project("{8BC9CEB8-8B4A-11D0-8D11-00A0C91BC942}") = "dof1", "dof1.vcproj", "{6EA75D7D-B7E4-40D4-BC34-5748A0414FE5}"
EndProject
Project("{8BC9CEB8-8B4A-11D0-8D11-00A0C91BC942}") = "eyepoint1", "eyepoint1.vcproj", "{AE80E73D-0EE4-4D25-BB7F-68461B429B82}"
EndProject
Project("{8BC9CEB8-8B4A-11D0-8D11-00A0C91BC942}") = "eyepoint2", "eyepoint2.vcproj", "{2D1FC6A6-6F18-4CC7-9339-FCA189B161A0}"
EndProject
Project("{8BC9CEB8-8B4A-11D0-8D11-00A0C91BC942}") = "getattr1", "getattr1.vcproj", "{70417D61-ACFD-4DFB-9166-989D6A1675C7}"
EndProject
Project("{8BC9CEB8-8B4A-11D0-8D11-00A0C91BC942}") = "io1", "io1.vcproj", "{309F3E35-D859-4493-8087-8AD17FBC6D69}"
EndProject
Project("{8BC9CEB8-8B4A-11D0-8D11-00A0C91BC942}") = "light1", "light1.vcproj", "{F265C73B-D508-43FE-91CD-095B711F1888}"
EndProject
Project("{8BC9CEB8-8B4A-11D0-8D11-00A0C91BC942}") = "lightpoint", "lightpoint.vcproj", "{43ADA90E-A89B-481A-AF88-CEC74127EFBE}"
EndProject
Project("{8BC9CEB8-8B4A-11D0-8D11-00A0C91BC942}") = "lightpoint25", "lightpoint25.vcproj", "{B937BF51-69EE-4788-9714-BEDB4F4D7B0F}"
EndProject
Project("{8BC9CEB8-8B4A-11D0-8D11-00A0C91BC942}") = "material1", "material1.vcproj", "{0B3068D0-00C9-49CB-99B3-291BC5E889BD}"
EndProject
Project("{8BC9CEB8-8B4A-11D0-8D11-00A0C91BC942}") = "material2", "material2.vcproj", "{CE8B758C-DA3F-48B2-93A7-18E458F292A9}"
EndProject
Project("{8BC9CEB8-8B4A-11D0-8D11-00A0C91BC942}") = "new1", "new1.vcproj", "{F11F5533-E72B-4CD2-84B3-C8CDD58585F4}"
EndProject
Project("{8BC9CEB8-8B4A-11D0-8D11-00A0C91BC942}") = "setattr1", "setattr1.vcproj", "{8F0F1C33-E54F-4429-BB19-FBABDE524A61}"
EndProject
Project("{8BC9CEB8-8B4A-11D0-8D11-00A0C91BC942}") = "sound1", "sound1.vcproj", "{56BA9839-5344-46C9-8519-5BA24A5F5F37}"
EndProject
Project("{8BC9CEB8-8B4A-11D0-8D11-00A0C91BC942}") = "struct1", "struct1.vcproj", "{3C74528B-56D4-4CA9-B700-16D17D07D21A}"
EndProject
Project("{8BC9CEB8-8B4A-11D0-8D11-00A0C91BC942}") = "struct2", "struct2.vcproj", "{03D07AE8-F235-482B-9583-A07C858991F6}"
EndProject
Project("{8BC9CEB8-8B4A-11D0-8D11-00A0C91BC942}") = "switch1", "switch1.vcproj", "{FE3AC679-511E-427B-9DFC-5E0F7CD84D5A}"
EndProject
Project("{8BC9CEB8-8B4A-11D0-8D11-00A0C91BC942}") = "texture1", "texture1.vcproj", "{A6F9F81A-AEA3-482B-ABC8-C9070078965B}"
EndProject
Project("{8BC9CEB8-8B4A-11D0-8D11-00A0C91BC942}") = "texture2", "texture2.vcproj", "{E3141124-A5C1-4DB2-8299-2AF0C12E9362}"
EndProject
Project("{8BC9CEB8-8B4A-11D0-8D11-00A0C91BC942}") = "texture3", "texture3.vcproj", "{06B1D83D-0645-4865-A508-36422275682F}"
EndProject
Project("{8BC9CEB8-8B4A-11D0-8D11-00A0C91BC942}") = "texture4", "texture4.vcproj", "{BF699DFC-9AEF-479D-85EB-346FB7133ADB}"
EndProject
Project("{8BC9CEB8-8B4A-11D0-8D11-00A0C91BC942}") = "texture5", "texture5.vcproj", "{CAB80526-5E0F-4928-820F-2034956B3B81}"
EndProject
Project("{8BC9CEB8-8B4A-11D0-8D11-00A0C91BC942}") = "texture6", "texture6.vcproj", "{49FD1A0A-5272-40CF-B15A-7D7AA71E9EDA}"
EndProject
Project("{8BC9CEB8-8B4A-11D0-8D11-00A0C91BC942}") = "texturemapping", "texturemapping.vcproj", "{C132082B-ACFE-4249-8C6A-B9F83B670758}"
EndProject
Project("{8BC9CEB8-8B4A-11D0-8D11-00A0C91BC942}") = "walk1", "walk1.vcproj", "{364022A8-6274-47BF-85E0-25E56CF8C124}"
EndProject
Project("{8BC9CEB8-8B4A-11D0-8D11-00A0C91BC942}") = "xform1", "xform1.vcproj", "{84E02A90-C6B9-45CC-A379-B0289712E612}"
EndProject
Project("{8BC9CEB8-8B4A-11D0-8D11-00A0C91BC942}") = "xref1", "xref1.vcproj", "{61F06B9F-5078-4548-B467-4033381FC8E8}"
EndProject
Global
	GlobalSection(SolutionConfigurationPlatforms) = preSolution
		Debug|Win32 = Debug|Win32
		Debug|x64 = Debug|x64
		Release|Win32 = Release|Win32
		Release|x64 = Release|x64
	EndGlobalSection
	GlobalSection(ProjectConfigurationPlatforms) = postSolution
		{58EC6855-A06B-4293-9AF4-910EA201562C}.Debug|Win32.ActiveCfg = Debug|Win32
		{58EC6855-A06B-4293-9AF4-910EA201562C}.Debug|Win32.Build.0 = Debug|Win32
		{58EC6855-A06B-4293-9AF4-910EA201562C}.Debug|x64.ActiveCfg = Debug|x64
		{58EC6855-A06B-4293-9AF4-910EA201562C}.Debug|x64.Build.0 = Debug|x64
		{58EC6855-A06B-4293-9AF4-910EA201562C}.Release|Win32.ActiveCfg = Release|Win32
		{58EC6855-A06B-4293-9AF4-910EA201562C}.Release|Win32.Build.0 = Release|Win32
		{58EC6855-A06B-4293-9AF4-910EA201562C}.Release|x64.ActiveCfg = Release|x64
		{58EC6855-A06B-4293-9AF4-910EA201562C}.Release|x64.Build.0 = Release|x64
		{22576E1B-76FD-4D29-B181-3CB549518B5A}.Debug|Win32.ActiveCfg = Debug|Win32
		{22576E1B-76FD-4D29-B181-3CB549518B5A}.Debug|Win32.Build.0 = Debug|Win32
		{22576E1B-76FD-4D29-B181-3CB549518B5A}.Debug|x64.ActiveCfg = Debug|x64
		{22576E1B-76FD-4D29-B181-3CB549518B5A}.Debug|x64.Build.0 = Debug|x64
		{22576E1B-76FD-4D29-B181-3CB549518B5A}.Release|Win32.ActiveCfg = Release|Win32
		{22576E1B-76FD-4D29-B181-3CB549518B5A}.Release|Win32.Build.0 = Release|Win32
		{22576E1B-76FD-4D29-B181-3CB549518B5A}.Release|x64.ActiveCfg = Release|x64
		{22576E1B-76FD-4D29-B181-3CB549518B5A}.Release|x64.Build.0 = Release|x64
		{6EA75D7D-B7E4-40D4-BC34-5748A0414FE5}.Debug|Win32.ActiveCfg = Debug|Win32
		{6EA75D7D-B7E4-40D4-BC34-5748A0414FE5}.Debug|Win32.Build.0 = Debug|Win32
		{6EA75D7D-B7E4-40D4-BC34-5748A0414FE5}.Debug|x64.ActiveCfg = Debug|x64
		{6EA75D7D-B7E4-40D4-BC34-5748A0414FE5}.Debug|x64.Build.0 = Debug|x64
		{6EA75D7D-B7E4-40D4-BC34-5748A0414FE5}.Release|Win32.ActiveCfg = Release|Win32
		{6EA75D7D-B7E4-40D4-BC34-5748A0414FE5}.Release|Win32.Build.0 = Release|Win32
		{6EA75D7D-B7E4-40D4-BC34-5748A0414FE5}.Release|x64.ActiveCfg = Release|x64
		{6EA75D7D-B7E4-40D4-BC34-5748A0414FE5}.Release|x64.Build.0 = Release|x64
		{AE80E73D-0EE4-4D25-BB7F-68461B429B82}.Debug|Win32.ActiveCfg = Debug|Win32
		{AE80E73D-0EE4-4D25-BB7F-68461B429B82}.Debug|Win32.Build.0 = Debug|Win32
		{AE80E73D-0EE4-4D25-BB7F-68461B429B82}.Debug|x64.ActiveCfg = Debug|x64
		{AE80E73D-0EE4-4D25-BB7F-68461B429B82}.Debug|x64.Build.0 = Debug|x64
		{AE80E73D-0EE4-4D25-BB7F-68461B429B82}.Release|Win32.ActiveCfg = Release|Win32
		{AE80E73D-0EE4-4D25-BB7F-68461B429B82}.Release|Win32.Build.0 = Release|Win32
		{AE80E73D-0EE4-4D25-BB7F-68461B429B82}.Release|x64.ActiveCfg = Release|x64
		{AE80E73D-0EE4-4D25-BB7F-68461B429B82}.Release|x64.Build.0 = Release|x64
		{2D1FC6A6-6F18-4CC7-9339-FCA189B161A0}.Debug|Win32.ActiveCfg = Debug|Win32
		{2D1FC6A6-6F18-4CC7-9339-FCA189B161A0}.Debug|Win32.Build.0 = Debug|Win32
		{2D1FC6A6-6F18-4CC7-9339-FCA189B161A0}.Debug|x64.ActiveCfg = Debug|x64
		{2D1FC6A6-6F18-4CC7-9339-FCA189B161A0}.Debug|x64.Build.0 = Debug|x64
		{2D1FC6A6-6F18-4CC7-9339-FCA189B161A0}.Release|Win32.ActiveCfg = Release|Win32
		{2D1FC6A6-6F18-4CC7-9339-FCA189B161A0}.Release|Win32.Build.0 = Release|Win32
		{2D1FC6A6-6F18-4CC7-9339-FCA189B161A0}.Release|x64.ActiveCfg = Release|x64
		{2D1FC6A6-6F18-4CC7-9339-FCA189B161A0}.Release|x64.Build.0 = Release|x64
		{70417D61-ACFD-4DFB-9166-989D6A1675C7}.Debug|Win32.ActiveCfg = Debug|Win32
		{70417D61-ACFD-4DFB-9166-989D6A1675C7}.Debug|Win32.Build.0 = Debug|Win32
		{70417D61-ACFD-4DFB-9166-989D6A1675C7}.Debug|x64.ActiveCfg = Debug|x64
		{70417D61-ACFD-4DFB-9166-989D6A1675C7}.Debug|x64.Build.0 = Debug|x64
		{70417D61-ACFD-4DFB-9166-989D6A1675C7}.Release|Win32.ActiveCfg = Release|Win32
		{70417D61-ACFD-4DFB-9166-989D6A1675C7}.Release|Win32.Build.0 = Release|Win32
		{70417D61-ACFD-4DFB-9166-989D6A1675C7}.Release|x64.ActiveCfg = Release|x64
		{70417D61-ACFD-4DFB-9166-989D6A1675C7}.Release|x64.Build.0 = Release|x64
		{309F3E35-D859-4493-8087-8AD17FBC6D69}.Debug|Win32.ActiveCfg = Debug|Win32
		{309F3E35-D859-4493-8087-8AD17FBC6D69}.Debug|Win32.Build.0 = Debug|Win32
		{309F3E35-D859-4493-8087-8AD17FBC6D69}.Debug|x64.ActiveCfg = Debug|x64
		{309F3E35-D859-4493-8087-8AD17FBC6D69}.Debug|x64.Build.0 = Debug|x64
		{309F3E35-D859-4493-8087-8AD17FBC6D69}.Release|Win32.ActiveCfg = Release|Win32
		{309F3E35-D859-4493-8087-8AD17FBC6D69}.Release|Win32.Build.0 = Release|Win32
		{309F3E35-D859-4493-8087-8AD17FBC6D69}.Release|x64.ActiveCfg = Release|x64
		{309F3E35-D859-4493-8087-8AD17FBC6D69}.Release|x64.Build.0 = Release|x64
		{F265C73B-D508-43FE-91CD-095B711F1888}.Debug|Win32.ActiveCfg = Debug|Win32
		{F265C73B-D508-43FE-91CD-095B711F1888}.Debug|Win32.Build.0 = Debug|Win32
		{F265C73B-D508-43FE-91CD-095B711F1888}.Debug|x64.ActiveCfg = Debug|x64
		{F265C73B-D508-43FE-91CD-095B711F1888}.Debug|x64.Build.0 = Debug|x64
		{F265C73B-D508-43FE-91CD-095B711F1888}.Release|Win32.ActiveCfg = Release|Win32
		{F265C73B-D508-43FE-91CD-095B711F1888}.Release|Win32.Build.0 = Release|Win32
		{F265C73B-D508-43FE-91CD-095B711F1888}.Release|x64.ActiveCfg = Release|x64
		{F265C73B-D508-43FE-91CD-095B711F1888}.Release|x64.Build.0 = Release|x64
		{43ADA90E-A89B-481A-AF88-CEC74127EFBE}.Debug|Win32.ActiveCfg = Debug|Win32
		{43ADA90E-A89B-481A-AF88-CEC74127EFBE}.Debug|Win32.Build.0 = Debug|Win32
		{43ADA90E-A89B-481A-AF88-CEC74127EFBE}.Debug|x64.ActiveCfg = Debug|x64
		{43ADA90E-A89B-481A-AF88-CEC74127EFBE}.Debug|x64.Build.0 = Debug|x64
		{43ADA90E-A89B-481A-AF88-CEC74127EFBE}.Release|Win32.ActiveCfg = Release|Win32
		{43ADA90E-A89B-481A-AF88-CEC74127EFBE}.Release|Win32.Build.0 = Release|Win32
		{43ADA90E-A89B-481A-AF88-CEC74127EFBE}.Release|x64.ActiveCfg = Release|x64
		{43ADA90E-A89B-481A-AF88-CEC74127EFBE}.Release|x64.Build.0 = Release|x64
		{B937BF51-69EE-4788-9714-BEDB4F4D7B0F}.Debug|Win32.ActiveCfg = Debug|Win32
		{B937BF51-69EE-4788-9714-BEDB4F4D7B0F}.Debug|Win32.Build.0 = Debug|Win32
		{B937BF51-69EE-4788-9714-BEDB4F4D7B0F}.Debug|x64.ActiveCfg = Debug|x64
		{B937BF51-69EE-4788-9714-BEDB4F4D7B0F}.Debug|x64.Build.0 = Debug|x64
		{B937BF51-69EE-4788-9714-BEDB4F4D7B0F}.Release|Win32.ActiveCfg = Release|Win32
		{B937BF51-69EE-4788-9714-BEDB4F4D7B0F}.Release|Win32.Build.0 = Release|Win32
		{B937BF51-69EE-4788-9714-BEDB4F4D7B0F}.Release|x64.ActiveCfg = Release|x64
		{B937BF51-69EE-4788-9714-BEDB4F4D7B0F}.Release|x64.Build.0 = Release|x64
		{0B3068D0-00C9-49CB-99B3-291BC5E889BD}.Debug|Win32.ActiveCfg = Debug|Win32
		{0B3068D0-00C9-49CB-99B3-291BC5E889BD}.Debug|Win32.Build.0 = Debug|Win32
		{0B3068D0-00C9-49CB-99B3-291BC5E889BD}.Debug|x64.ActiveCfg = Debug|x64
		{0B3068D0-00C9-49CB-99B3-291BC5E889BD}.Debug|x64.Build.0 = Debug|x64
		{0B3068D0-00C9-49CB-99B3-291BC5E889BD}.Release|Win32.ActiveCfg = Release|Win32
		{0B3068D0-00C9-49CB-99B3-291BC5E889BD}.Release|Win32.Build.0 = Release|Win32
		{0B3068D0-00C9-49CB-99B3-291BC5E889BD}.Release|x64.ActiveCfg = Release|x64
		{0B3068D0-00C9-49CB-99B3-291BC5E889BD}.Release|x64.Build.0 = Release|x64
		{CE8B758C-DA3F-48B2-93A7-18E458F292A9}.Debug|Win32.ActiveCfg = Debug|Win32
		{CE8B758C-DA3F-48B2-93A7-18E458F292A9}.Debug|Win32.Build.0 = Debug|Win32
		{CE8B758C-DA3F-48B2-93A7-18E458F292A9}.Debug|x64.ActiveCfg = Debug|x64
		{CE8B758C-DA3F-48B2-93A7-18E458F292A9}.Debug|x64.Build.0 = Debug|x64
		{CE8B758C-DA3F-48B2-93A7-18E458F292A9}.Release|Win32.ActiveCfg = Release|Win32
		{CE8B758C-DA3F-48B2-93A7-18E458F292A9}.Release|Win32.Build.0 = Release|Win32
		{CE8B758C-DA3F-48B2-93A7-18E458F292A9}.Release|x64.ActiveCfg = Release|x64
		{CE8B758C-DA3F-48B2-93A7-18E458F292A9}.Release|x64.Build.0 = Release|x64
		{F11F5533-E72B-4CD2-84B3-C8CDD58585F4}.Debug|Win32.ActiveCfg = Debug|Win32
		{F11F5533-E72B-4CD2-84B3-C8CDD58585F4}.Debug|Win32.Build.0 = Debug|Win32
		{F11F5533-E72B-4CD2-84B3-C8CDD58585F4}.Debug|x64.ActiveCfg = Debug|x64
		{F11F5533-E72B-4CD2-84B3-C8CDD58585F4}.Debug|x64.Build.0 = Debug|x64
		{F11F5533-E72B-4CD2-84B3-C8CDD58585F4}.Release|Win32.ActiveCfg = Release|Win32
		{F11F5533-E72B-4CD2-84B3-C8CDD58585F4}.Release|Win32.Build.0 = Release|Win32
		{F11F5533-E72B-4CD2-84B3-C8CDD58585F4}.Release|x64.ActiveCfg = Release|x64
		{F11F5533-E72B-4CD2-84B3-C8CDD58585F4}.Release|x64.Build.0 = Release|x64
		{8F0F1C33-E54F-4429-BB19-FBABDE524A61}.Debug|Win32.ActiveCfg = Debug|Win32
		{8F0F1C33-E54F-4429-BB19-FBABDE524A61}.Debug|Win32.Build.0 = Debug|Win32
		{8F0F1C33-E54F-4429-BB19-FBABDE524A61}.Debug|x64.ActiveCfg = Debug|x64
		{8F0F1C33-E54F-4429-BB19-FBABDE524A61}.Debug|x64.Build.0 = Debug|x64
		{8F0F1C33-E54F-4429-BB19-FBABDE524A61}.Release|Win32.ActiveCfg = Release|Win32
		{8F0F1C33-E54F-4429-BB19-FBABDE524A61}.Release|Win32.Build.0 = Release|Win32
		{8F0F1C33-E54F-4429-BB19-FBABDE524A61}.Release|x64.ActiveCfg = Release|x64
		{8F0F1C33-E54F-4429-BB19-FBABDE524A61}.Release|x64.Build.0 = Release|x64
		{56BA9839-5344-46C9-8519-5BA24A5F5F37}.Debug|Win32.ActiveCfg = Debug|Win32
		{56BA9839-5344-46C9-8519-5BA24A5F5F37}.Debug|Win32.Build.0 = Debug|Win32
		{56BA9839-5344-46C9-8519-5BA24A5F5F37}.Debug|x64.ActiveCfg = Debug|x64
		{56BA9839-5344-46C9-8519-5BA24A5F5F37}.Debug|x64.Build.0 = Debug|x64
		{56BA9839-5344-46C9-8519-5BA24A5F5F37}.Release|Win32.ActiveCfg = Release|Win32
		{56BA9839-5344-46C9-8519-5BA24A5F5F37}.Release|Win32.Build.0 = Release|Win32
		{56BA9839-5344-46C9-8519-5BA24A5F5F37}.Release|x64.ActiveCfg = Release|x64
		{56BA9839-5344-46C9-8519-5BA24A5F5F37}.Release|x64.Build.0 = Release|x64
		{3C74528B-56D4-4CA9-B700-16D17D07D21A}.Debug|Win32.ActiveCfg = Debug|Win32
		{3C74528B-56D4-4CA9-B700-16D17D07D21A}.Debug|Win32.Build.0 = Debug|Win32
		{3C74528B-56D4-4CA9-B700-16D17D07D21A}.Debug|x64.ActiveCfg = Debug|x64
		{3C74528B-56D4-4CA9-B700-16D17D07D21A}.Debug|x64.Build.0 = Debug|x64
		{3C74528B-56D4-4CA9-B700-16D17D07D21A}.Release|Win32.ActiveCfg = Release|Win32
		{3C74528B-56D4-4CA9-B700-16D17D07D21A}.Release|Win32.Build.0 = Release|Win32
		{3C74528B-56D4-4CA9-B700-16D17D07D21A}.Release|x64.ActiveCfg = Release|x64
		{3C74528B-56D4-4CA9-B700-16D17D07D21A}.Release|x64.Build.0 = Release|x64
		{03D07AE8-F235-482B-9583-A07C858991F6}.Debug|Win32.ActiveCfg = Debug|Win32
		{03D07AE8-F235-482B-9583-A07C858991F6}.Debug|Win32.Build.0 = Debug|Win32
		{03D07AE8-F235-482B-9583-A07C858991F6}.Debug|x64.ActiveCfg = Debug|x64
		{03D07AE8-F235-482B-9583-A07C858991F6}.Debug|x64.Build.0 = Debug|x64
		{03D07AE8-F235-482B-9583-A07C858991F6}.Release|Win32.ActiveCfg = Release|Win32
		{03D07AE8-F235-482B-9583-A07C858991F6}.Release|Win32.Build.0 = Release|Win32
		{03D07AE8-F235-482B-9583-A07C858991F6}.Release|x64.ActiveCfg = Release|x64
		{03D07AE8-F235-482B-9583-A07C858991F6}.Release|x64.Build.0 = Release|x64
		{FE3AC679-511E-427B-9DFC-5E0F7CD84D5A}.Debug|Win32.ActiveCfg = Debug|Win32
		{FE3AC679-511E-427B-9DFC-5E0F7CD84D5A}.Debug|Win32.Build.0 = Debug|Win32
		{FE3AC679-511E-427B-9DFC-5E0F7CD84D5A}.Debug|x64.ActiveCfg = Debug|x64
		{FE3AC679-511E-427B-9DFC-5E0F7CD84D5A}.Debug|x64.Build.0 = Debug|x64
		{FE3AC679-511E-427B-9DFC-5E0F7CD84D5A}.Release|Win32.ActiveCfg = Release|Win32
		{FE3AC679-511E-427B-9DFC-5E0F7CD84D5A}.Release|Win32.Build.0 = Release|Win32
		{FE3AC679-511E-427B-9DFC-5E0F7CD84D5A}.Release|x64.ActiveCfg = Release|x64
		{FE3AC679-511E-427B-9DFC-5E0F7CD84D5A}.Release|x64.Build.0 = Release|x64
		{A6F9F81A-AEA3-482B-ABC8-C9070078965B}.Debug|Win32.ActiveCfg = Debug|Win32
		{A6F9F81A-AEA3-482B-ABC8-C9070078965B}.Debug|Win32.Build.0 = Debug|Win32
		{A6F9F81A-AEA3-482B-ABC8-C9070078965B}.Debug|x64.ActiveCfg = Debug|x64
		{A6F9F81A-AEA3-482B-ABC8-C9070078965B}.Debug|x64.Build.0 = Debug|x64
		{A6F9F81A-AEA3-482B-ABC8-C9070078965B}.Release|Win32.ActiveCfg = Release|Win32
		{A6F9F81A-AEA3-482B-ABC8-C9070078965B}.Release|Win32.Build.0 = Release|Win32
		{A6F9F81A-AEA3-482B-ABC8-C9070078965B}.Release|x64.ActiveCfg = Release|x64
		{A6F9F81A-AEA3-482B-ABC8-C9070078965B}.Release|x64.Build.0 = Release|x64
		{E3141124-A5C1-4DB2-8299-2AF0C12E9362}.Debug|Win32.ActiveCfg = Debug|Win32
		{E3141124-A5C1-4DB2-8299-2AF0C12E9362}.Debug|Win32.Build.0 = Debug|Win32
		{E3141124-A5C1-4DB2-8299-2AF0C12E9362}.Debug|x64.ActiveCfg = Debug|x64
		{E3141124-A5C1-4DB2-8299-2AF0C12E9362}.Debug|x64.Build.0 = Debug|x64
		{E3141124-A5C1-4DB2-8299-2AF0C12E9362}.Release|Win32.ActiveCfg = Release|Win32
		{E3141124-A5C1-4DB2-8299-2AF0C12E9362}.Release|Win32.Build.0 = Release|Win32
		{E3141124-A5C1-4DB2-8299-2AF0C12E9362}.Release|x64.ActiveCfg = Release|x64
		{E3141124-A5C1-4DB2-8299-2AF0C12E9362}.Release|x64.Build.0 = Release|x64
		{06B1D83D-0645-4865-A508-36422275682F}.Debug|Win32.ActiveCfg = Debug|Win32
		{06B1D83D-0645-4865-A508-36422275682F}.Debug|Win32.Build.0 = Debug|Win32
		{06B1D83D-0645-4865-A508-36422275682F}.Debug|x64.ActiveCfg = Debug|x64
		{06B1D83D-0645-4865-A508-36422275682F}.Debug|x64.Build.0 = Debug|x64
		{06B1D83D-0645-4865-A508-36422275682F}.Release|Win32.ActiveCfg = Release|Win32
		{06B1D83D-0645-4865-A508-36422275682F}.Release|Win32.Build.0 = Release|Win32
		{06B1D83D-0645-4865-A508-36422275682F}.Release|x64.ActiveCfg = Release|x64
		{06B1D83D-0645-4865-A508-36422275682F}.Release|x64.Build.0 = Release|x64
		{BF699DFC-9AEF-479D-85EB-346FB7133ADB}.Debug|Win32.ActiveCfg = Debug|Win32
		{BF699DFC-9AEF-479D-85EB-346FB7133ADB}.Debug|Win32.Build.0 = Debug|Win32
		{BF699DFC-9AEF-479D-85EB-346FB7133ADB}.Debug|x64.ActiveCfg = Debug|x64
		{BF699DFC-9AEF-479D-85EB-346FB7133ADB}.Debug|x64.Build.0 = Debug|x64
		{BF699DFC-9AEF-479D-85EB-346FB7133ADB}.Release|Win32.ActiveCfg = Release|Win32
		{BF699DFC-9AEF-479D-85EB-346FB7133ADB}.Release|Win32.Build.0 = Release|Win32
		{BF699DFC-9AEF-479D-85EB-346FB7133ADB}.Release|x64.ActiveCfg = Release|x64
		{BF699DFC-9AEF-479D-85EB-346FB7133ADB}.Release|x64.Build.0 = Release|x64
		{CAB80526-5E0F-4928-820F-2034956B3B81}.Debug|Win32.ActiveCfg = Debug|Win32
		{CAB80526-5E0F-4928-820F-2034956B3B81}.Debug|Win32.Build.0 = Debug|Win32
		{CAB80526-5E0F-4928-820F-2034956B3B81}.Debug|x64.ActiveCfg = Debug|x64
		{CAB80526-5E0F-4928-820F-2034956B3B81}.Debug|x64.Build.0 = Debug|x64
		{CAB80526-5E0F-4928-820F-2034956B3B81}.Release|Win32.ActiveCfg = Release|Win32
		{CAB80526-5E0F-4928-820F-2034956B3B81}.Release|Win32.Build.0 = Release|Win32
		{CAB80526-5E0F-4928-820F-2034956B3B81}.Release|x64.ActiveCfg = Release|x64
		{CAB80526-5E0F-4928-820F-2034956B3B81}.Release|x64.Build.0 = Release|x64
		{49FD1A0A-5272-40CF-B15A-7D7AA71E9EDA}.Debug|Win32.ActiveCfg = Debug|Win32
		{49FD1A0A-5272-40CF-B15A-7D7AA71E9EDA}.Debug|Win32.Build.0 = Debug|Win32
		{49FD1A0A-5272-40CF-B15A-7D7AA71E9EDA}.Debug|x64.ActiveCfg = Debug|x64
		{49FD1A0A-5272-40CF-B15A-7D7AA71E9EDA}.Debug|x64.Build.0 = Debug|x64
		{49FD1A0A-5272-40CF-B15A-7D7AA71E9EDA}.Release|Win32.ActiveCfg = Release|Win32
		{49FD1A0A-5272-40CF-B15A-7D7AA71E9EDA}.Release|Win32.Build.0 = Release|Win32
		{49FD1A0A-5272-40CF-B15A-7D7AA71E9EDA}.Release|x64.ActiveCfg = Release|x64
		{49FD1A0A-5272-40CF-B15A-7D7AA71E9EDA}.Release|x64.Build.0 = Release|x64
		{C132082B-ACFE-4249-8C6A-B9F83B670758}.Debug|Win32.ActiveCfg = Debug|Win32
		{C132082B-ACFE-4249-8C6A-B9F83B670758}.Debug|Win32.Build.0 = Debug|Win32
		{C132082B-ACFE-4249-8C6A-B9F83B670758}.Debug|x64.ActiveCfg = Debug|x64
		{C132082B-ACFE-4249-8C6A-B9F83B670758}.Debug|x64.Build.0 = Debug|x64
		{C132082B-ACFE-4249-8C6A-B9F83B670758}.Release|Win32.ActiveCfg = Release|Win32
		{C132082B-ACFE-4249-8C6A-B9F83B670758}.Release|Win32.Build.0 = Release|Win32
		{C132082B-ACFE-4249-8C6A-B9F83B670758}.Release|x64.ActiveCfg = Release|x64
		{C132082B-ACFE-4249-8C6A-B9F83B670758}.Release|x64.Build.0 = Release|x64
		{364022A8-6274-47BF-85E0-25E56CF8C124}.Debug|Win32.ActiveCfg = Debug|Win32
		{364022A8-6274-47BF-85E0-25E56CF8C124}.Debug|Win32.Build.0 = Debug|Win32
		{364022A8-6274-47BF-85E0-25E56CF8C124}.Debug|x64.ActiveCfg = Debug|x64
		{364022A8-6274-47BF-85E0-25E56CF8C124}.Debug|x64.Build.0 = Debug|x64
		{364022A8-6274-47BF-85E0-25E56CF8C124}.Release|Win32.ActiveCfg = Release|Win32
		{364022A8-6274-47BF-85E0-25E56CF8C124}.Release|Win32.Build.0 = Release|Win32
		{364022A8-6274-47BF-85E0-25E56CF8C124}.Release|x64.ActiveCfg = Release|x64
		{364022A8-6274-47BF-85E0-25E56CF8C124}.Release|x64.Build.0 = Release|x64
		{84E02A90-C6B9-45CC-A379-B0289712E612}.Debug|Win32.ActiveCfg = Debug|Win32
		{84E02A90-C6B9-45CC-A379-B0289712E612}.Debug|Win32.Build.0 = Debug|Win32
		{84E02A90-C6B9-45CC-A379-B0289712E612}.Debug|x64.ActiveCfg = Debug|x64
		{84E02A90-C6B9-45CC-A379-B0289712E612}.Debug|x64.Build.0 = Debug|x64
		{84E02A90-C6B9-45CC-A379-B0289712E612}.Release|Win32.ActiveCfg = Release|Win32
		{84E02A90-C6B9-45CC-A379-B0289712E612}.Release|Win32.Build.0 = Release|Win32
		{84E02A90-C6B9-45CC-A379-B0289712E612}.Release|x64.ActiveCfg = Release|x64
		{84E02A90-C6B9-45CC-A379-B0289712E612}.Release|x64.Build.0 = Release|x64
		{61F06B9F-5078-4548-B467-4033381FC8E8}.Debug|Win32.ActiveCfg = Debug|Win32
		{61F06B9F-5078-4548-B467-4033381FC8E8}.Debug|Win32.Build.0 = Debug|Win32
		{61F06B9F-5078-4548-B467-4033381FC8E8}.Debug|x64.ActiveCfg = Debug|x64
		{61F06B9F-5078-4548-B467-4033381FC8E8}.Debug|x64.Build.0 = Debug|x64
		{61F06B9F-5078-4548-B467-4033381FC8E8}.Release|Win32.ActiveCfg = Release|Win32
		{61F06B9F-5078-4548-B467-4033381FC8E8}.Release|Win32.Build.0 = Release|Win32
		{61F06B9F-5078-4548-B467-4033381FC8E8}.Release|x64.ActiveCfg = Release|x64
		{61F06B9F-5078-4548-B467-4033381FC8E8}.Release|x64.Build.0 = Release|x64
	EndGlobalSection
	GlobalSection(SolutionProperties) = preSolution
		HideSolutionNode = FALSE
	EndGlobalSection
EndGlobal
